{
  "nodes": {
    "avante-nvim": {
      "flake": false,
      "locked": {
        "lastModified": 1739037419,
        "narHash": "sha256-/jvSgZhb+2j6BFLuixNvGuPVAwGz91SiHNkOm7cd+uU=",
        "owner": "yetone",
        "repo": "avante.nvim",
        "rev": "26e40e5483db90c593bf09466bc6cbe5a7711381",
        "type": "github"
      },
      "original": {
        "owner": "yetone",
        "repo": "avante.nvim",
        "type": "github"
      }
    },
    "devshell": {
      "inputs": {
        "nixpkgs": [
          "nixvim",
          "nixpkgs"
        ]
      },
      "locked": {
        "lastModified": 1735644329,
        "narHash": "sha256-tO3HrHriyLvipc4xr+Ewtdlo7wM1OjXNjlWRgmM7peY=",
        "owner": "numtide",
        "repo": "devshell",
        "rev": "f7795ede5b02664b57035b3b757876703e2c3eac",
        "type": "github"
      },
      "original": {
        "owner": "numtide",
        "repo": "devshell",
        "type": "github"
      }
    },
    "flake-compat": {
      "flake": false,
      "locked": {
        "lastModified": 1696426674,
        "narHash": "sha256-kvjfFW7WAETZlt09AgDn1MrtKzP7t90Vf7vypd3OL1U=",
        "owner": "edolstra",
        "repo": "flake-compat",
        "rev": "0f9255e01c2351cc7d116c072cb317785dd33b33",
        "type": "github"
      },
      "original": {
        "owner": "edolstra",
        "repo": "flake-compat",
        "type": "github"
      }
    },
    "flake-compat_2": {
      "locked": {
        "lastModified": 1733328505,
        "narHash": "sha256-NeCCThCEP3eCl2l/+27kNNK7QrwZB1IJCrXfrbv5oqU=",
        "rev": "ff81ac966bb2cae68946d5ed5fc4994f96d0ffec",
        "revCount": 69,
        "type": "tarball",
        "url": "https://api.flakehub.com/f/pinned/edolstra/flake-compat/1.1.0/01948eb7-9cba-704f-bbf3-3fa956735b52/source.tar.gz"
      },
      "original": {
        "type": "tarball",
        "url": "https://flakehub.com/f/edolstra/flake-compat/1.tar.gz"
      }
    },
    "flake-parts": {
      "inputs": {
        "nixpkgs-lib": "nixpkgs-lib"
      },
      "locked": {
        "lastModified": 1738453229,
        "narHash": "sha256-7H9XgNiGLKN1G1CgRh0vUL4AheZSYzPm+zmZ7vxbJdo=",
        "owner": "hercules-ci",
        "repo": "flake-parts",
        "rev": "32ea77a06711b758da0ad9bd6a844c5740a87abd",
        "type": "github"
      },
      "original": {
        "owner": "hercules-ci",
        "repo": "flake-parts",
        "type": "github"
      }
    },
    "flake-parts_2": {
      "inputs": {
        "nixpkgs-lib": [
          "nixvim",
          "nixpkgs"
        ]
      },
      "locked": {
        "lastModified": 1738453229,
        "narHash": "sha256-7H9XgNiGLKN1G1CgRh0vUL4AheZSYzPm+zmZ7vxbJdo=",
        "owner": "hercules-ci",
        "repo": "flake-parts",
        "rev": "32ea77a06711b758da0ad9bd6a844c5740a87abd",
        "type": "github"
      },
      "original": {
        "owner": "hercules-ci",
        "repo": "flake-parts",
        "type": "github"
      }
    },
    "flake-utils": {
      "inputs": {
        "systems": "systems"
      },
      "locked": {
        "lastModified": 1731533236,
        "narHash": "sha256-l0KFg5HjrsfsO/JpG+r7fRrqm12kzFHyUHqHCVpMMbI=",
        "owner": "numtide",
        "repo": "flake-utils",
        "rev": "11707dc2f618dd54ca8739b309ec4fc024de578b",
        "type": "github"
      },
      "original": {
        "owner": "numtide",
        "repo": "flake-utils",
        "type": "github"
      }
    },
    "git-hooks": {
      "inputs": {
        "flake-compat": [
          "nixvim",
          "flake-compat"
        ],
        "gitignore": "gitignore_2",
        "nixpkgs": [
          "nixvim",
          "nixpkgs"
        ]
      },
      "locked": {
        "lastModified": 1737465171,
        "narHash": "sha256-R10v2hoJRLq8jcL4syVFag7nIGE7m13qO48wRIukWNg=",
        "owner": "cachix",
        "repo": "git-hooks.nix",
        "rev": "9364dc02281ce2d37a1f55b6e51f7c0f65a75f17",
        "type": "github"
      },
      "original": {
        "owner": "cachix",
        "repo": "git-hooks.nix",
        "type": "github"
      }
    },
    "git-hooks-nix": {
      "inputs": {
        "flake-compat": "flake-compat",
        "gitignore": "gitignore",
        "nixpkgs": "nixpkgs"
      },
      "locked": {
        "lastModified": 1737465171,
        "narHash": "sha256-R10v2hoJRLq8jcL4syVFag7nIGE7m13qO48wRIukWNg=",
        "owner": "cachix",
        "repo": "git-hooks.nix",
        "rev": "9364dc02281ce2d37a1f55b6e51f7c0f65a75f17",
        "type": "github"
      },
      "original": {
        "owner": "cachix",
        "repo": "git-hooks.nix",
        "type": "github"
      }
    },
    "gitignore": {
      "inputs": {
        "nixpkgs": [
          "git-hooks-nix",
          "nixpkgs"
        ]
      },
      "locked": {
        "lastModified": 1709087332,
        "narHash": "sha256-HG2cCnktfHsKV0s4XW83gU3F57gaTljL9KNSuG6bnQs=",
        "owner": "hercules-ci",
        "repo": "gitignore.nix",
        "rev": "637db329424fd7e46cf4185293b9cc8c88c95394",
        "type": "github"
      },
      "original": {
        "owner": "hercules-ci",
        "repo": "gitignore.nix",
        "type": "github"
      }
    },
    "gitignore_2": {
      "inputs": {
        "nixpkgs": [
          "nixvim",
          "git-hooks",
          "nixpkgs"
        ]
      },
      "locked": {
        "lastModified": 1709087332,
        "narHash": "sha256-HG2cCnktfHsKV0s4XW83gU3F57gaTljL9KNSuG6bnQs=",
        "owner": "hercules-ci",
        "repo": "gitignore.nix",
        "rev": "637db329424fd7e46cf4185293b9cc8c88c95394",
        "type": "github"
      },
      "original": {
        "owner": "hercules-ci",
        "repo": "gitignore.nix",
        "type": "github"
      }
    },
    "home-manager": {
      "inputs": {
        "nixpkgs": [
          "nixvim",
          "nixpkgs"
        ]
      },
      "locked": {
        "lastModified": 1738878603,
        "narHash": "sha256-fmhq8B3MvQLawLbMO+LWLcdC2ftLMmwSk+P29icJ3tE=",
        "owner": "nix-community",
        "repo": "home-manager",
        "rev": "433799271274c9f2ab520a49527ebfe2992dcfbd",
        "type": "github"
      },
      "original": {
        "owner": "nix-community",
        "repo": "home-manager",
        "type": "github"
      }
    },
    "ixx": {
      "inputs": {
        "flake-utils": [
          "nixvim",
          "nuschtosSearch",
          "flake-utils"
        ],
        "nixpkgs": [
          "nixvim",
          "nuschtosSearch",
          "nixpkgs"
        ]
      },
      "locked": {
        "lastModified": 1729958008,
        "narHash": "sha256-EiOq8jF4Z/zQe0QYVc3+qSKxRK//CFHMB84aYrYGwEs=",
        "owner": "NuschtOS",
        "repo": "ixx",
        "rev": "9fd01aad037f345350eab2cd45e1946cc66da4eb",
        "type": "github"
      },
      "original": {
        "owner": "NuschtOS",
        "ref": "v0.0.6",
        "repo": "ixx",
        "type": "github"
      }
    },
    "nix-darwin": {
      "inputs": {
        "nixpkgs": [
          "nixvim",
          "nixpkgs"
        ]
      },
      "locked": {
        "lastModified": 1738743987,
        "narHash": "sha256-O3bnAfsObto6l2tQOmQlrO6Z2kD6yKwOWfs7pA0CpOc=",
        "owner": "lnl7",
        "repo": "nix-darwin",
        "rev": "ae406c04577ff9a64087018c79b4fdc02468c87c",
        "type": "github"
      },
      "original": {
        "owner": "lnl7",
        "repo": "nix-darwin",
        "type": "github"
      }
    },
    "nixpkgs": {
      "locked": {
        "lastModified": 1730768919,
        "narHash": "sha256-8AKquNnnSaJRXZxc5YmF/WfmxiHX6MMZZasRP6RRQkE=",
        "owner": "NixOS",
        "repo": "nixpkgs",
        "rev": "a04d33c0c3f1a59a2c1cb0c6e34cd24500e5a1dc",
        "type": "github"
      },
      "original": {
        "owner": "NixOS",
        "ref": "nixpkgs-unstable",
        "repo": "nixpkgs",
        "type": "github"
      }
    },
    "nixpkgs-lib": {
      "locked": {
        "lastModified": 1738452942,
        "narHash": "sha256-vJzFZGaCpnmo7I6i416HaBLpC+hvcURh/BQwROcGIp8=",
        "type": "tarball",
        "url": "https://github.com/NixOS/nixpkgs/archive/072a6db25e947df2f31aab9eccd0ab75d5b2da11.tar.gz"
      },
      "original": {
        "type": "tarball",
        "url": "https://github.com/NixOS/nixpkgs/archive/072a6db25e947df2f31aab9eccd0ab75d5b2da11.tar.gz"
      }
    },
    "nixpkgs_2": {
      "locked": {
        "lastModified": 1739020877,
        "narHash": "sha256-mIvECo/NNdJJ/bXjNqIh8yeoSjVLAuDuTUzAo7dzs8Y=",
        "owner": "nixos",
        "repo": "nixpkgs",
        "rev": "a79cfe0ebd24952b580b1cf08cd906354996d547",
        "type": "github"
      },
      "original": {
        "owner": "nixos",
        "ref": "nixos-unstable",
        "repo": "nixpkgs",
        "type": "github"
      }
    },
    "nixpkgs_3": {
      "locked": {
        "lastModified": 1735554305,
        "narHash": "sha256-zExSA1i/b+1NMRhGGLtNfFGXgLtgo+dcuzHzaWA6w3Q=",
        "owner": "nixos",
        "repo": "nixpkgs",
        "rev": "0e82ab234249d8eee3e8c91437802b32c74bb3fd",
        "type": "github"
      },
      "original": {
        "owner": "nixos",
        "ref": "nixpkgs-unstable",
        "repo": "nixpkgs",
        "type": "github"
      }
    },
    "nixvim": {
      "inputs": {
        "devshell": "devshell",
        "flake-compat": "flake-compat_2",
        "flake-parts": "flake-parts_2",
        "git-hooks": "git-hooks",
        "home-manager": "home-manager",
        "nix-darwin": "nix-darwin",
        "nixpkgs": [
          "nixpkgs"
        ],
        "nuschtosSearch": "nuschtosSearch",
        "treefmt-nix": "treefmt-nix"
      },
      "locked": {
        "lastModified": 1738966895,
        "narHash": "sha256-OXOh35rTEnFSO4vj/SDMIlDvFPGW0ba1XhZkfx+AlL0=",
        "owner": "nix-community",
        "repo": "nixvim",
        "rev": "e7f20a602f6e08a70045f36c531bc44ba1baed07",
        "type": "github"
      },
      "original": {
        "owner": "nix-community",
        "repo": "nixvim",
        "type": "github"
      }
    },
    "nuschtosSearch": {
      "inputs": {
        "flake-utils": "flake-utils",
        "ixx": "ixx",
        "nixpkgs": [
          "nixvim",
          "nixpkgs"
        ]
      },
      "locked": {
        "lastModified": 1738508923,
        "narHash": "sha256-4DaDrQDAIxlWhTjH6h/+xfG05jt3qDZrZE/7zDLQaS4=",
        "owner": "NuschtOS",
        "repo": "search",
        "rev": "86e2038290859006e05ca7201425ea5b5de4aecb",
        "type": "github"
      },
      "original": {
        "owner": "NuschtOS",
        "repo": "search",
        "type": "github"
      }
    },
    "pkgs-by-name-for-flake-parts": {
      "locked": {
        "lastModified": 1727519927,
        "narHash": "sha256-3SNX6BuaisoX9PKYI+fh3geZ3jBgKKkAtHcWuHRU0+o=",
        "owner": "drupol",
        "repo": "pkgs-by-name-for-flake-parts",
        "rev": "91debb07d81ff25b8e3b48914b6abd6f11dc26e2",
        "type": "github"
      },
      "original": {
        "owner": "drupol",
        "repo": "pkgs-by-name-for-flake-parts",
        "type": "github"
      }
    },
    "root": {
      "inputs": {
        "avante-nvim": "avante-nvim",
        "flake-parts": "flake-parts",
        "git-hooks-nix": "git-hooks-nix",
        "nixpkgs": "nixpkgs_2",
        "nixvim": "nixvim",
        "pkgs-by-name-for-flake-parts": "pkgs-by-name-for-flake-parts",
        "showkeys-nvim": "showkeys-nvim",
        "snacks-nvim": "snacks-nvim",
        "treefmt-nix": "treefmt-nix_2",
        "trouble-nvim": "trouble-nvim",
        "typr-nvim": "typr-nvim",
        "volt-nvim": "volt-nvim"
      }
    },
    "showkeys-nvim": {
      "flake": false,
      "locked": {
        "lastModified": 1737685263,
        "narHash": "sha256-0ZONzsCWJzzCYnZpr/O8t9Rmkc4A5+i7X7bkjEk5xmc=",
        "owner": "nvzone",
        "repo": "showkeys",
        "rev": "8daf5abb5fece0c9e1fa2c5679aaf226a80f5c38",
        "type": "github"
      },
      "original": {
        "owner": "nvzone",
        "repo": "showkeys",
        "type": "github"
      }
    },
    "snacks-nvim": {
      "flake": false,
      "locked": {
        "lastModified": 1739048842,
        "narHash": "sha256-1BoY4f4jqxdzNPjZSpnrkcAfv3XKOgKb/Xic/htQ7/Y=",
        "owner": "folke",
        "repo": "snacks.nvim",
        "rev": "a386e4270b7c083c95028bcaa1b062b57537817b",
        "type": "github"
      },
      "original": {
        "owner": "folke",
        "repo": "snacks.nvim",
        "type": "github"
      }
    },
    "systems": {
      "locked": {
        "lastModified": 1681028828,
        "narHash": "sha256-Vy1rq5AaRuLzOxct8nz4T6wlgyUR7zLU309k9mBC768=",
        "owner": "nix-systems",
        "repo": "default",
        "rev": "da67096a3b9bf56a91d16901293e51ba5b49a27e",
        "type": "github"
      },
      "original": {
        "owner": "nix-systems",
        "repo": "default",
        "type": "github"
      }
    },
    "treefmt-nix": {
      "inputs": {
        "nixpkgs": [
          "nixvim",
          "nixpkgs"
        ]
      },
      "locked": {
        "lastModified": 1738680491,
        "narHash": "sha256-8X7tR3kFGkE7WEF5EXVkt4apgaN85oHZdoTGutCFs6I=",
        "owner": "numtide",
        "repo": "treefmt-nix",
        "rev": "64dbb922d51a42c0ced6a7668ca008dded61c483",
        "type": "github"
      },
      "original": {
        "owner": "numtide",
        "repo": "treefmt-nix",
        "type": "github"
      }
    },
    "treefmt-nix_2": {
      "inputs": {
        "nixpkgs": "nixpkgs_3"
      },
      "locked": {
        "lastModified": 1738953846,
        "narHash": "sha256-yrK3Hjcr8F7qS/j2F+r7C7o010eVWWlm4T1PrbKBOxQ=",
        "owner": "numtide",
        "repo": "treefmt-nix",
        "rev": "4f09b473c936d41582dd744e19f34ec27592c5fd",
        "type": "github"
      },
      "original": {
        "owner": "numtide",
        "repo": "treefmt-nix",
        "type": "github"
      }
    },
    "trouble-nvim": {
      "flake": false,
      "locked": {
        "lastModified": 1738084106,
        "narHash": "sha256-Y+BOA4tjefvFHs3A2LtfEVy4Ai1Op64UQROKQJTsYYM=",
        "owner": "folke",
        "repo": "trouble.nvim",
        "rev": "6f380b8826fb819c752c8fd7daaee9ef96d4c689",
        "type": "github"
      },
      "original": {
        "owner": "folke",
        "repo": "trouble.nvim",
        "type": "github"
      }
    },
    "typr-nvim": {
      "flake": false,
      "locked": {
        "lastModified": 1738462259,
        "narHash": "sha256-g+8PpEFMYxLXkP86qgmzCgpBjb5KS1qg/z0VfQa5ciA=",
        "owner": "nvzone",
        "repo": "typr",
        "rev": "1d5b147bde0d92d4c25529aff9904d9ca921641b",
        "type": "github"
      },
      "original": {
        "owner": "nvzone",
        "repo": "typr",
        "type": "github"
      }
    },
    "volt-nvim": {
      "flake": false,
      "locked": {
        "lastModified": 1738127906,
        "narHash": "sha256-iPwsUvtlosPSrxwOW8KGMPonVTRi8WxQdbAAFTU2yXQ=",
        "owner": "nvzone",
        "repo": "volt",
        "rev": "3bedb1576db574af160643eea7df3b09dbe5ee9c",
        "type": "github"
      },
      "original": {
        "owner": "nvzone",
        "repo": "volt",
        "type": "github"
      }
    }
  },
  "root": "root",
  "version": 7
}
